// !$*UTF8*$!
{
	archiveVersion = 1;
	classes = {
	};
	objectVersion = 46;
	objects = {

/* Begin PBXBuildFile section */
		901640D01C43AAE900921C9F /* ExampleInfo.plist in Resources */ = {isa = PBXBuildFile; fileRef = 901640CF1C43AAE900921C9F /* ExampleInfo.plist */; };
		901640D21C43AB7300921C9F /* ViewController.swift in Sources */ = {isa = PBXBuildFile; fileRef = 90A1B0511C42720D00D80957 /* ViewController.swift */; };
		903C93E61C4F73B400EE99C5 /* InfoPlist.strings in Resources */ = {isa = PBXBuildFile; fileRef = 903C93E51C4F73B400EE99C5 /* InfoPlist.strings */; };
		906AE08F1C50C5DA00BE6BE0 /* UIView+Constraints.swift in Sources */ = {isa = PBXBuildFile; fileRef = 906AE08E1C50C5DA00BE6BE0 /* UIView+Constraints.swift */; };
		909E7A0A1C4E79B300DAD6B7 /* EasyTransition.swift in Sources */ = {isa = PBXBuildFile; fileRef = 90A1B0611C42723500D80957 /* EasyTransition.swift */; };
		909E7A0B1C4E7ABB00DAD6B7 /* EasyTransition.framework in Frameworks */ = {isa = PBXBuildFile; fileRef = 90A1B0861C42AE0200D80957 /* EasyTransition.framework */; settings = {ATTRIBUTES = (Weak, ); }; };
		909E7A0C1C4E7ABB00DAD6B7 /* EasyTransition.framework in Embed Frameworks */ = {isa = PBXBuildFile; fileRef = 90A1B0861C42AE0200D80957 /* EasyTransition.framework */; settings = {ATTRIBUTES = (CodeSignOnCopy, RemoveHeadersOnCopy, ); }; };
		90A1B0501C42720D00D80957 /* AppDelegate.swift in Sources */ = {isa = PBXBuildFile; fileRef = 90A1B04F1C42720D00D80957 /* AppDelegate.swift */; };
		90A1B0551C42720D00D80957 /* Main.storyboard in Resources */ = {isa = PBXBuildFile; fileRef = 90A1B0531C42720D00D80957 /* Main.storyboard */; };
		90A1B0571C42720D00D80957 /* Assets.xcassets in Resources */ = {isa = PBXBuildFile; fileRef = 90A1B0561C42720D00D80957 /* Assets.xcassets */; };
		90A1B05A1C42720D00D80957 /* LaunchScreen.storyboard in Resources */ = {isa = PBXBuildFile; fileRef = 90A1B0581C42720D00D80957 /* LaunchScreen.storyboard */; };
		90A1B0891C42AE0200D80957 /* EasyTransition.h in Headers */ = {isa = PBXBuildFile; fileRef = 90A1B0881C42AE0200D80957 /* EasyTransition.h */; settings = {ATTRIBUTES = (Public, ); }; };
/* End PBXBuildFile section */

/* Begin PBXContainerItemProxy section */
		909E7A0D1C4E7ABB00DAD6B7 /* PBXContainerItemProxy */ = {
			isa = PBXContainerItemProxy;
			containerPortal = 90A1B0441C42720D00D80957 /* Project object */;
			proxyType = 1;
			remoteGlobalIDString = 90A1B0851C42AE0200D80957;
			remoteInfo = EasyTransition;
		};
/* End PBXContainerItemProxy section */

/* Begin PBXCopyFilesBuildPhase section */
		909E7A0F1C4E7ABB00DAD6B7 /* Embed Frameworks */ = {
			isa = PBXCopyFilesBuildPhase;
			buildActionMask = 2147483647;
			dstPath = "";
			dstSubfolderSpec = 10;
			files = (
				909E7A0C1C4E7ABB00DAD6B7 /* EasyTransition.framework in Embed Frameworks */,
			);
			name = "Embed Frameworks";
			runOnlyForDeploymentPostprocessing = 0;
		};
/* End PBXCopyFilesBuildPhase section */

/* Begin PBXFileReference section */
		901640CF1C43AAE900921C9F /* ExampleInfo.plist */ = {isa = PBXFileReference; fileEncoding = 4; lastKnownFileType = text.plist.xml; path = ExampleInfo.plist; sourceTree = "<group>"; };
		903C93E51C4F73B400EE99C5 /* InfoPlist.strings */ = {isa = PBXFileReference; fileEncoding = 4; lastKnownFileType = text.plist.strings; path = InfoPlist.strings; sourceTree = "<group>"; };
		906AE08E1C50C5DA00BE6BE0 /* UIView+Constraints.swift */ = {isa = PBXFileReference; fileEncoding = 4; lastKnownFileType = sourcecode.swift; path = "UIView+Constraints.swift"; sourceTree = "<group>"; };
		90A1B04C1C42720D00D80957 /* EasyTransitionExample.app */ = {isa = PBXFileReference; explicitFileType = wrapper.application; includeInIndex = 0; path = EasyTransitionExample.app; sourceTree = BUILT_PRODUCTS_DIR; };
		90A1B04F1C42720D00D80957 /* AppDelegate.swift */ = {isa = PBXFileReference; lastKnownFileType = sourcecode.swift; path = AppDelegate.swift; sourceTree = "<group>"; };
		90A1B0511C42720D00D80957 /* ViewController.swift */ = {isa = PBXFileReference; lastKnownFileType = sourcecode.swift; path = ViewController.swift; sourceTree = "<group>"; };
		90A1B0541C42720D00D80957 /* Base */ = {isa = PBXFileReference; lastKnownFileType = file.storyboard; name = Base; path = Base.lproj/Main.storyboard; sourceTree = "<group>"; };
		90A1B0561C42720D00D80957 /* Assets.xcassets */ = {isa = PBXFileReference; lastKnownFileType = folder.assetcatalog; path = Assets.xcassets; sourceTree = "<group>"; };
		90A1B0591C42720D00D80957 /* Base */ = {isa = PBXFileReference; lastKnownFileType = file.storyboard; name = Base; path = Base.lproj/LaunchScreen.storyboard; sourceTree = "<group>"; };
		90A1B0611C42723500D80957 /* EasyTransition.swift */ = {isa = PBXFileReference; fileEncoding = 4; lastKnownFileType = sourcecode.swift; path = EasyTransition.swift; sourceTree = "<group>"; };
		90A1B0861C42AE0200D80957 /* EasyTransition.framework */ = {isa = PBXFileReference; explicitFileType = wrapper.framework; includeInIndex = 0; path = EasyTransition.framework; sourceTree = BUILT_PRODUCTS_DIR; };
		90A1B0881C42AE0200D80957 /* EasyTransition.h */ = {isa = PBXFileReference; lastKnownFileType = sourcecode.c.h; path = EasyTransition.h; sourceTree = "<group>"; };
		90A1B08A1C42AE0200D80957 /* Info.plist */ = {isa = PBXFileReference; lastKnownFileType = text.plist.xml; path = Info.plist; sourceTree = "<group>"; };
/* End PBXFileReference section */

/* Begin PBXFrameworksBuildPhase section */
		90A1B0491C42720D00D80957 /* Frameworks */ = {
			isa = PBXFrameworksBuildPhase;
			buildActionMask = 2147483647;
			files = (
				909E7A0B1C4E7ABB00DAD6B7 /* EasyTransition.framework in Frameworks */,
			);
			runOnlyForDeploymentPostprocessing = 0;
		};
		90A1B0821C42AE0200D80957 /* Frameworks */ = {
			isa = PBXFrameworksBuildPhase;
			buildActionMask = 2147483647;
			files = (
			);
			runOnlyForDeploymentPostprocessing = 0;
		};
/* End PBXFrameworksBuildPhase section */

/* Begin PBXGroup section */
		90A1B0431C42720D00D80957 = {
			isa = PBXGroup;
			children = (
				90A1B04E1C42720D00D80957 /* EasyTransitionExample */,
				90A1B0871C42AE0200D80957 /* EasyTransition */,
				90A1B04D1C42720D00D80957 /* Products */,
			);
			sourceTree = "<group>";
		};
		90A1B04D1C42720D00D80957 /* Products */ = {
			isa = PBXGroup;
			children = (
				90A1B04C1C42720D00D80957 /* EasyTransitionExample.app */,
				90A1B0861C42AE0200D80957 /* EasyTransition.framework */,
			);
			name = Products;
			sourceTree = "<group>";
		};
		90A1B04E1C42720D00D80957 /* EasyTransitionExample */ = {
			isa = PBXGroup;
			children = (
				90A1B04F1C42720D00D80957 /* AppDelegate.swift */,
				90A1B0511C42720D00D80957 /* ViewController.swift */,
				90A1B0531C42720D00D80957 /* Main.storyboard */,
				90A1B0561C42720D00D80957 /* Assets.xcassets */,
				90A1B0581C42720D00D80957 /* LaunchScreen.storyboard */,
				903C93E51C4F73B400EE99C5 /* InfoPlist.strings */,
				901640CF1C43AAE900921C9F /* ExampleInfo.plist */,
			);
			name = EasyTransitionExample;
			path = EasyTransition;
			sourceTree = "<group>";
		};
		90A1B0871C42AE0200D80957 /* EasyTransition */ = {
			isa = PBXGroup;
			children = (
				906AE08E1C50C5DA00BE6BE0 /* UIView+Constraints.swift */,
				90A1B0611C42723500D80957 /* EasyTransition.swift */,
				90A1B0881C42AE0200D80957 /* EasyTransition.h */,
				90A1B08A1C42AE0200D80957 /* Info.plist */,
			);
			path = EasyTransition;
			sourceTree = "<group>";
		};
/* End PBXGroup section */

/* Begin PBXHeadersBuildPhase section */
		90A1B0831C42AE0200D80957 /* Headers */ = {
			isa = PBXHeadersBuildPhase;
			buildActionMask = 2147483647;
			files = (
				90A1B0891C42AE0200D80957 /* EasyTransition.h in Headers */,
			);
			runOnlyForDeploymentPostprocessing = 0;
		};
/* End PBXHeadersBuildPhase section */

/* Begin PBXNativeTarget section */
		90A1B04B1C42720D00D80957 /* EasyTransitionExample */ = {
			isa = PBXNativeTarget;
			buildConfigurationList = 90A1B05E1C42720D00D80957 /* Build configuration list for PBXNativeTarget "EasyTransitionExample" */;
			buildPhases = (
				90A1B0481C42720D00D80957 /* Sources */,
				90A1B0491C42720D00D80957 /* Frameworks */,
				90A1B04A1C42720D00D80957 /* Resources */,
				909E7A0F1C4E7ABB00DAD6B7 /* Embed Frameworks */,
			);
			buildRules = (
			);
			dependencies = (
				909E7A0E1C4E7ABB00DAD6B7 /* PBXTargetDependency */,
			);
			name = EasyTransitionExample;
			productName = EasyTransition;
			productReference = 90A1B04C1C42720D00D80957 /* EasyTransitionExample.app */;
			productType = "com.apple.product-type.application";
		};
		90A1B0851C42AE0200D80957 /* EasyTransition */ = {
			isa = PBXNativeTarget;
			buildConfigurationList = 90A1B08F1C42AE0200D80957 /* Build configuration list for PBXNativeTarget "EasyTransition" */;
			buildPhases = (
				90A1B0811C42AE0200D80957 /* Sources */,
				90A1B0821C42AE0200D80957 /* Frameworks */,
				90A1B0831C42AE0200D80957 /* Headers */,
				90A1B0841C42AE0200D80957 /* Resources */,
			);
			buildRules = (
			);
			dependencies = (
			);
			name = EasyTransition;
			productName = EasyTransition;
			productReference = 90A1B0861C42AE0200D80957 /* EasyTransition.framework */;
			productType = "com.apple.product-type.framework";
		};
/* End PBXNativeTarget section */

/* Begin PBXProject section */
		90A1B0441C42720D00D80957 /* Project object */ = {
			isa = PBXProject;
			attributes = {
				LastSwiftUpdateCheck = 0720;
				LastUpgradeCheck = 0800;
				ORGANIZATIONNAME = "Nattawut Singhchai";
				TargetAttributes = {
					90A1B04B1C42720D00D80957 = {
						CreatedOnToolsVersion = 7.2;
						DevelopmentTeam = 7J5JZ3G2QB;
						LastSwiftMigration = 0800;
					};
					90A1B0851C42AE0200D80957 = {
						CreatedOnToolsVersion = 7.2;
						LastSwiftMigration = 0800;
					};
				};
			};
			buildConfigurationList = 90A1B0471C42720D00D80957 /* Build configuration list for PBXProject "EasyTransitionExample" */;
			compatibilityVersion = "Xcode 3.2";
			developmentRegion = English;
			hasScannedForEncodings = 0;
			knownRegions = (
				en,
				Base,
			);
			mainGroup = 90A1B0431C42720D00D80957;
			productRefGroup = 90A1B04D1C42720D00D80957 /* Products */;
			projectDirPath = "";
			projectRoot = "";
			targets = (
				90A1B04B1C42720D00D80957 /* EasyTransitionExample */,
				90A1B0851C42AE0200D80957 /* EasyTransition */,
			);
		};
/* End PBXProject section */

/* Begin PBXResourcesBuildPhase section */
		90A1B04A1C42720D00D80957 /* Resources */ = {
			isa = PBXResourcesBuildPhase;
			buildActionMask = 2147483647;
			files = (
				90A1B05A1C42720D00D80957 /* LaunchScreen.storyboard in Resources */,
				903C93E61C4F73B400EE99C5 /* InfoPlist.strings in Resources */,
				90A1B0571C42720D00D80957 /* Assets.xcassets in Resources */,
				90A1B0551C42720D00D80957 /* Main.storyboard in Resources */,
			);
			runOnlyForDeploymentPostprocessing = 0;
		};
		90A1B0841C42AE0200D80957 /* Resources */ = {
			isa = PBXResourcesBuildPhase;
			buildActionMask = 2147483647;
			files = (
				901640D01C43AAE900921C9F /* ExampleInfo.plist in Resources */,
			);
			runOnlyForDeploymentPostprocessing = 0;
		};
/* End PBXResourcesBuildPhase section */

/* Begin PBXSourcesBuildPhase section */
		90A1B0481C42720D00D80957 /* Sources */ = {
			isa = PBXSourcesBuildPhase;
			buildActionMask = 2147483647;
			files = (
				901640D21C43AB7300921C9F /* ViewController.swift in Sources */,
				90A1B0501C42720D00D80957 /* AppDelegate.swift in Sources */,
			);
			runOnlyForDeploymentPostprocessing = 0;
		};
		90A1B0811C42AE0200D80957 /* Sources */ = {
			isa = PBXSourcesBuildPhase;
			buildActionMask = 2147483647;
			files = (
				909E7A0A1C4E79B300DAD6B7 /* EasyTransition.swift in Sources */,
				906AE08F1C50C5DA00BE6BE0 /* UIView+Constraints.swift in Sources */,
			);
			runOnlyForDeploymentPostprocessing = 0;
		};
/* End PBXSourcesBuildPhase section */

/* Begin PBXTargetDependency section */
		909E7A0E1C4E7ABB00DAD6B7 /* PBXTargetDependency */ = {
			isa = PBXTargetDependency;
			target = 90A1B0851C42AE0200D80957 /* EasyTransition */;
			targetProxy = 909E7A0D1C4E7ABB00DAD6B7 /* PBXContainerItemProxy */;
		};
/* End PBXTargetDependency section */

/* Begin PBXVariantGroup section */
		90A1B0531C42720D00D80957 /* Main.storyboard */ = {
			isa = PBXVariantGroup;
			children = (
				90A1B0541C42720D00D80957 /* Base */,
			);
			name = Main.storyboard;
			sourceTree = "<group>";
		};
		90A1B0581C42720D00D80957 /* LaunchScreen.storyboard */ = {
			isa = PBXVariantGroup;
			children = (
				90A1B0591C42720D00D80957 /* Base */,
			);
			name = LaunchScreen.storyboard;
			sourceTree = "<group>";
		};
/* End PBXVariantGroup section */

/* Begin XCBuildConfiguration section */
		90A1B05C1C42720D00D80957 /* Debug */ = {
			isa = XCBuildConfiguration;
			buildSettings = {
				ALWAYS_SEARCH_USER_PATHS = NO;
				CLANG_CXX_LANGUAGE_STANDARD = "gnu++0x";
				CLANG_CXX_LIBRARY = "libc++";
				CLANG_ENABLE_MODULES = YES;
				CLANG_ENABLE_OBJC_ARC = YES;
				CLANG_WARN_BOOL_CONVERSION = YES;
				CLANG_WARN_CONSTANT_CONVERSION = YES;
				CLANG_WARN_DIRECT_OBJC_ISA_USAGE = YES_ERROR;
				CLANG_WARN_EMPTY_BODY = YES;
				CLANG_WARN_ENUM_CONVERSION = YES;
				CLANG_WARN_INFINITE_RECURSION = YES;
				CLANG_WARN_INT_CONVERSION = YES;
				CLANG_WARN_OBJC_ROOT_CLASS = YES_ERROR;
				CLANG_WARN_SUSPICIOUS_MOVE = YES;
				CLANG_WARN_UNREACHABLE_CODE = YES;
				CLANG_WARN__DUPLICATE_METHOD_MATCH = YES;
				"CODE_SIGN_IDENTITY[sdk=iphoneos*]" = "iPhone Developer";
				COPY_PHASE_STRIP = NO;
				DEBUG_INFORMATION_FORMAT = dwarf;
				ENABLE_STRICT_OBJC_MSGSEND = YES;
				ENABLE_TESTABILITY = YES;
				GCC_C_LANGUAGE_STANDARD = gnu99;
				GCC_DYNAMIC_NO_PIC = NO;
				GCC_NO_COMMON_BLOCKS = YES;
				GCC_OPTIMIZATION_LEVEL = 0;
				GCC_PREPROCESSOR_DEFINITIONS = (
					"DEBUG=1",
					"$(inherited)",
				);
				GCC_WARN_64_TO_32_BIT_CONVERSION = YES;
				GCC_WARN_ABOUT_RETURN_TYPE = YES_ERROR;
				GCC_WARN_UNDECLARED_SELECTOR = YES;
				GCC_WARN_UNINITIALIZED_AUTOS = YES_AGGRESSIVE;
				GCC_WARN_UNUSED_FUNCTION = YES;
				GCC_WARN_UNUSED_VARIABLE = YES;
				IPHONEOS_DEPLOYMENT_TARGET = 9.2;
				MTL_ENABLE_DEBUG_INFO = YES;
				ONLY_ACTIVE_ARCH = YES;
				SDKROOT = iphoneos;
				SWIFT_OPTIMIZATION_LEVEL = "-Onone";
				TARGETED_DEVICE_FAMILY = "1,2";
			};
			name = Debug;
		};
		90A1B05D1C42720D00D80957 /* Release */ = {
			isa = XCBuildConfiguration;
			buildSettings = {
				ALWAYS_SEARCH_USER_PATHS = NO;
				CLANG_CXX_LANGUAGE_STANDARD = "gnu++0x";
				CLANG_CXX_LIBRARY = "libc++";
				CLANG_ENABLE_MODULES = YES;
				CLANG_ENABLE_OBJC_ARC = YES;
				CLANG_WARN_BOOL_CONVERSION = YES;
				CLANG_WARN_CONSTANT_CONVERSION = YES;
				CLANG_WARN_DIRECT_OBJC_ISA_USAGE = YES_ERROR;
				CLANG_WARN_EMPTY_BODY = YES;
				CLANG_WARN_ENUM_CONVERSION = YES;
				CLANG_WARN_INFINITE_RECURSION = YES;
				CLANG_WARN_INT_CONVERSION = YES;
				CLANG_WARN_OBJC_ROOT_CLASS = YES_ERROR;
				CLANG_WARN_SUSPICIOUS_MOVE = YES;
				CLANG_WARN_UNREACHABLE_CODE = YES;
				CLANG_WARN__DUPLICATE_METHOD_MATCH = YES;
				"CODE_SIGN_IDENTITY[sdk=iphoneos*]" = "iPhone Developer";
				COPY_PHASE_STRIP = NO;
				DEBUG_INFORMATION_FORMAT = "dwarf-with-dsym";
				ENABLE_NS_ASSERTIONS = NO;
				ENABLE_STRICT_OBJC_MSGSEND = YES;
				GCC_C_LANGUAGE_STANDARD = gnu99;
				GCC_NO_COMMON_BLOCKS = YES;
				GCC_WARN_64_TO_32_BIT_CONVERSION = YES;
				GCC_WARN_ABOUT_RETURN_TYPE = YES_ERROR;
				GCC_WARN_UNDECLARED_SELECTOR = YES;
				GCC_WARN_UNINITIALIZED_AUTOS = YES_AGGRESSIVE;
				GCC_WARN_UNUSED_FUNCTION = YES;
				GCC_WARN_UNUSED_VARIABLE = YES;
				IPHONEOS_DEPLOYMENT_TARGET = 9.2;
				MTL_ENABLE_DEBUG_INFO = NO;
				SDKROOT = iphoneos;
				SWIFT_OPTIMIZATION_LEVEL = "-Owholemodule";
				TARGETED_DEVICE_FAMILY = "1,2";
				VALIDATE_PRODUCT = YES;
			};
			name = Release;
		};
		90A1B05F1C42720D00D80957 /* Debug */ = {
			isa = XCBuildConfiguration;
			buildSettings = {
				ALWAYS_EMBED_SWIFT_STANDARD_LIBRARIES = YES;
				ASSETCATALOG_COMPILER_APPICON_NAME = AppIcon;
				DEVELOPMENT_TEAM = 7J5JZ3G2QB;
				INFOPLIST_FILE = EasyTransition/ExampleInfo.plist;
				IPHONEOS_DEPLOYMENT_TARGET = 8.3;
				LD_RUNPATH_SEARCH_PATHS = "$(inherited) @executable_path/Frameworks";
				PRODUCT_BUNDLE_IDENTIFIER = indevizible.EasyTransitionExample;
				PRODUCT_NAME = EasyTransitionExample;
				SWIFT_VERSION = 3.0;
			};
			name = Debug;
		};
		90A1B0601C42720D00D80957 /* Release */ = {
			isa = XCBuildConfiguration;
			buildSettings = {
				ALWAYS_EMBED_SWIFT_STANDARD_LIBRARIES = YES;
				ASSETCATALOG_COMPILER_APPICON_NAME = AppIcon;
				DEVELOPMENT_TEAM = 7J5JZ3G2QB;
				INFOPLIST_FILE = EasyTransition/ExampleInfo.plist;
				IPHONEOS_DEPLOYMENT_TARGET = 8.3;
				LD_RUNPATH_SEARCH_PATHS = "$(inherited) @executable_path/Frameworks";
				PRODUCT_BUNDLE_IDENTIFIER = indevizible.EasyTransitionExample;
				PRODUCT_NAME = EasyTransitionExample;
				SWIFT_VERSION = 3.0;
			};
			name = Release;
		};
		90A1B0901C42AE0200D80957 /* Debug */ = {
			isa = XCBuildConfiguration;
			buildSettings = {
				"CODE_SIGN_IDENTITY[sdk=iphoneos*]" = "";
				CURRENT_PROJECT_VERSION = 1;
				DEFINES_MODULE = YES;
				DYLIB_COMPATIBILITY_VERSION = 1;
				DYLIB_CURRENT_VERSION = 1;
				DYLIB_INSTALL_NAME_BASE = "@rpath";
				INFOPLIST_FILE = EasyTransition/Info.plist;
				INSTALL_PATH = "$(LOCAL_LIBRARY_DIR)/Frameworks";
				IPHONEOS_DEPLOYMENT_TARGET = 8.3;
				LD_RUNPATH_SEARCH_PATHS = "$(inherited) @executable_path/Frameworks @loader_path/Frameworks";
				PRODUCT_BUNDLE_IDENTIFIER = indevizible.EasyTransition;
				PRODUCT_NAME = "$(TARGET_NAME)";
				SKIP_INSTALL = YES;
				SWIFT_VERSION = 3.0;
				VERSIONING_SYSTEM = "apple-generic";
				VERSION_INFO_PREFIX = "";
			};
			name = Debug;
		};
		90A1B0911C42AE0200D80957 /* Release */ = {
			isa = XCBuildConfiguration;
			buildSettings = {
				"CODE_SIGN_IDENTITY[sdk=iphoneos*]" = "";
				CURRENT_PROJECT_VERSION = 1;
				DEFINES_MODULE = YES;
				DYLIB_COMPATIBILITY_VERSION = 1;
				DYLIB_CURRENT_VERSION = 1;
				DYLIB_INSTALL_NAME_BASE = "@rpath";
				INFOPLIST_FILE = EasyTransition/Info.plist;
				INSTALL_PATH = "$(LOCAL_LIBRARY_DIR)/Frameworks";
				IPHONEOS_DEPLOYMENT_TARGET = 8.3;
				LD_RUNPATH_SEARCH_PATHS = "$(inherited) @executable_path/Frameworks @loader_path/Frameworks";
				PRODUCT_BUNDLE_IDENTIFIER = indevizible.EasyTransition;
				PRODUCT_NAME = "$(TARGET_NAME)";
				SKIP_INSTALL = YES;
				SWIFT_VERSION = 3.0;
				VERSIONING_SYSTEM = "apple-generic";
				VERSION_INFO_PREFIX = "";
			};
			name = Release;
		};
/* End XCBuildConfiguration section */

/* Begin XCConfigurationList section */
		90A1B0471C42720D00D80957 /* Build configuration list for PBXProject "EasyTransitionExample" */ = {
			isa = XCConfigurationList;
			buildConfigurations = (
				90A1B05C1C42720D00D80957 /* Debug */,
				90A1B05D1C42720D00D80957 /* Release */,
			);
			defaultConfigurationIsVisible = 0;
			defaultConfigurationName = Release;
		};
		90A1B05E1C42720D00D80957 /* Build configuration list for PBXNativeTarget "EasyTransitionExample" */ = {
			isa = XCConfigurationList;
			buildConfigurations = (
				90A1B05F1C42720D00D80957 /* Debug */,
				90A1B0601C42720D00D80957 /* Release */,
			);
			defaultConfigurationIsVisible = 0;
			defaultConfigurationName = Release;
		};
		90A1B08F1C42AE0200D80957 /* Build configuration list for PBXNativeTarget "EasyTransition" */ = {
			isa = XCConfigurationList;
			buildConfigurations = (
				90A1B0901C42AE0200D80957 /* Debug */,
				90A1B0911C42AE0200D80957 /* Release */,
			);
			defaultConfigurationIsVisible = 0;
			defaultConfigurationName = Release;
		};
/* End XCConfigurationList section */
	};
	rootObject = 90A1B0441C42720D00D80957 /* Project object */;
}
